
Microsoft Visual Studio Solution File, Format Version 12.00
# Visual Studio Version 17
VisualStudioVersion = 17.5.33530.505
MinimumVisualStudioVersion = 10.0.40219.1
Project("{FAE04EC0-301F-11D3-BF4B-00C04F79EFBC}") = "TicketSale", "TicketSale\TicketSale.csproj", "{EC86D943-5E8C-4FA5-AEE5-F524824A14FF}"
EndProject
Global
	GlobalSection(SolutionConfigurationPlatforms) = preSolution
		Debug|Any CPU = Debug|Any CPU
		Release|Any CPU = Release|Any CPU
	EndGlobalSection
	GlobalSection(ProjectConfigurationPlatforms) = postSolution
		{EC86D943-5E8C-4FA5-AEE5-F524824A14FF}.Debug|Any CPU.ActiveCfg = Debug|Any CPU
		{EC86D943-5E8C-4FA5-AEE5-F524824A14FF}.Debug|Any CPU.Build.0 = Debug|Any CPU
		{EC86D943-5E8C-4FA5-AEE5-F524824A14FF}.Release|Any CPU.ActiveCfg = Release|Any CPU
		{EC86D943-5E8C-4FA5-AEE5-F524824A14FF}.Release|Any CPU.Build.0 = Release|Any CPU
	EndGlobalSection
	GlobalSection(SolutionProperties) = preSolution
		HideSolutionNode = FALSE
	EndGlobalSection
	GlobalSection(ExtensibilityGlobals) = postSolution
		SolutionGuid = {EE860340-3CB6-465D-82C7-BCEA32C11AC2}
	EndGlobalSection
EndGlobal
